
Microsoft Visual Studio Solution File, Format Version 12.00
# Visual Studio Version 17
VisualStudioVersion = 17.3.32929.385
MinimumVisualStudioVersion = 10.0.40219.1
Project("{FAE04EC0-301F-11D3-BF4B-00C04F79EFBC}") = "classLepidoptere", "classLepidoptere\classLepidoptere.csproj", "{B937BDF9-A13B-4B55-BF40-84F6D3A54D14}"
EndProject
Global
	GlobalSection(SolutionConfigurationPlatforms) = preSolution
		Debug|Any CPU = Debug|Any CPU
		Release|Any CPU = Release|Any CPU
	EndGlobalSection
	GlobalSection(ProjectConfigurationPlatforms) = postSolution
		{B937BDF9-A13B-4B55-BF40-84F6D3A54D14}.Debug|Any CPU.ActiveCfg = Debug|Any CPU
		{B937BDF9-A13B-4B55-BF40-84F6D3A54D14}.Debug|Any CPU.Build.0 = Debug|Any CPU
		{B937BDF9-A13B-4B55-BF40-84F6D3A54D14}.Release|Any CPU.ActiveCfg = Release|Any CPU
		{B937BDF9-A13B-4B55-BF40-84F6D3A54D14}.Release|Any CPU.Build.0 = Release|Any CPU
	EndGlobalSection
	GlobalSection(SolutionProperties) = preSolution
		HideSolutionNode = FALSE
	EndGlobalSection
	GlobalSection(ExtensibilityGlobals) = postSolution
		SolutionGuid = {D1B32F0B-2A9B-40A5-BFE0-54B84F23D047}
	EndGlobalSection
EndGlobal
