
Microsoft Visual Studio Solution File, Format Version 12.00
# Visual Studio Version 17
VisualStudioVersion = 17.3.32929.385
MinimumVisualStudioVersion = 10.0.40219.1
Project("{9A19103F-16F7-4668-BE54-9A1E7A4F7556}") = "ApiUserMoi", "ApiUserMoi.csproj", "{324EEBE4-EC37-41A8-9FE4-E7778089AA45}"
EndProject
Project("{9A19103F-16F7-4668-BE54-9A1E7A4F7556}") = "ApiUserMoi.Models", "..\ApiUserMoi.Models\ApiUserMoi.Models.csproj", "{93E94CE5-749A-443F-9B5D-6353AB218440}"
EndProject
Project("{FAE04EC0-301F-11D3-BF4B-00C04F79EFBC}") = "ApiUserMoi.Db", "..\ApiUserMoi.Db\ApiUserMoi.Db.csproj", "{C4EB58C8-C643-4A4E-B392-517E521B0ACE}"
EndProject
Global
	GlobalSection(SolutionConfigurationPlatforms) = preSolution
		Debug|Any CPU = Debug|Any CPU
		Release|Any CPU = Release|Any CPU
	EndGlobalSection
	GlobalSection(ProjectConfigurationPlatforms) = postSolution
		{324EEBE4-EC37-41A8-9FE4-E7778089AA45}.Debug|Any CPU.ActiveCfg = Debug|Any CPU
		{324EEBE4-EC37-41A8-9FE4-E7778089AA45}.Debug|Any CPU.Build.0 = Debug|Any CPU
		{324EEBE4-EC37-41A8-9FE4-E7778089AA45}.Release|Any CPU.ActiveCfg = Release|Any CPU
		{324EEBE4-EC37-41A8-9FE4-E7778089AA45}.Release|Any CPU.Build.0 = Release|Any CPU
		{93E94CE5-749A-443F-9B5D-6353AB218440}.Debug|Any CPU.ActiveCfg = Debug|Any CPU
		{93E94CE5-749A-443F-9B5D-6353AB218440}.Debug|Any CPU.Build.0 = Debug|Any CPU
		{93E94CE5-749A-443F-9B5D-6353AB218440}.Release|Any CPU.ActiveCfg = Release|Any CPU
		{93E94CE5-749A-443F-9B5D-6353AB218440}.Release|Any CPU.Build.0 = Release|Any CPU
		{C4EB58C8-C643-4A4E-B392-517E521B0ACE}.Debug|Any CPU.ActiveCfg = Debug|Any CPU
		{C4EB58C8-C643-4A4E-B392-517E521B0ACE}.Debug|Any CPU.Build.0 = Debug|Any CPU
		{C4EB58C8-C643-4A4E-B392-517E521B0ACE}.Release|Any CPU.ActiveCfg = Release|Any CPU
		{C4EB58C8-C643-4A4E-B392-517E521B0ACE}.Release|Any CPU.Build.0 = Release|Any CPU
	EndGlobalSection
	GlobalSection(SolutionProperties) = preSolution
		HideSolutionNode = FALSE
	EndGlobalSection
	GlobalSection(ExtensibilityGlobals) = postSolution
		SolutionGuid = {22D5116F-841F-417E-9868-5CEB82203633}
	EndGlobalSection
EndGlobal
