
Microsoft Visual Studio Solution File, Format Version 12.00
# Visual Studio Version 17
VisualStudioVersion = 17.3.32929.385
MinimumVisualStudioVersion = 10.0.40219.1
Project("{FAE04EC0-301F-11D3-BF4B-00C04F79EFBC}") = "2.3 Tri sans tableau", "2.3 Tri sans tableau.csproj", "{89471B5A-45E0-40E5-A773-3DB72423CF0E}"
EndProject
Global
	GlobalSection(SolutionConfigurationPlatforms) = preSolution
		Debug|Any CPU = Debug|Any CPU
		Release|Any CPU = Release|Any CPU
	EndGlobalSection
	GlobalSection(ProjectConfigurationPlatforms) = postSolution
		{89471B5A-45E0-40E5-A773-3DB72423CF0E}.Debug|Any CPU.ActiveCfg = Debug|Any CPU
		{89471B5A-45E0-40E5-A773-3DB72423CF0E}.Debug|Any CPU.Build.0 = Debug|Any CPU
		{89471B5A-45E0-40E5-A773-3DB72423CF0E}.Release|Any CPU.ActiveCfg = Release|Any CPU
		{89471B5A-45E0-40E5-A773-3DB72423CF0E}.Release|Any CPU.Build.0 = Release|Any CPU
	EndGlobalSection
	GlobalSection(SolutionProperties) = preSolution
		HideSolutionNode = FALSE
	EndGlobalSection
	GlobalSection(ExtensibilityGlobals) = postSolution
		SolutionGuid = {73EEC07C-D4CF-42A1-A070-6120D587F946}
	EndGlobalSection
EndGlobal
