
Microsoft Visual Studio Solution File, Format Version 12.00
# Visual Studio Version 17
VisualStudioVersion = 17.3.32929.385
MinimumVisualStudioVersion = 10.0.40219.1
Project("{FAE04EC0-301F-11D3-BF4B-00C04F79EFBC}") = "Expression", "Expression.csproj", "{EE005347-B3C0-4815-9AAB-696823ECDBA1}"
EndProject
Global
	GlobalSection(SolutionConfigurationPlatforms) = preSolution
		Debug|Any CPU = Debug|Any CPU
		Release|Any CPU = Release|Any CPU
	EndGlobalSection
	GlobalSection(ProjectConfigurationPlatforms) = postSolution
		{EE005347-B3C0-4815-9AAB-696823ECDBA1}.Debug|Any CPU.ActiveCfg = Debug|Any CPU
		{EE005347-B3C0-4815-9AAB-696823ECDBA1}.Debug|Any CPU.Build.0 = Debug|Any CPU
		{EE005347-B3C0-4815-9AAB-696823ECDBA1}.Release|Any CPU.ActiveCfg = Release|Any CPU
		{EE005347-B3C0-4815-9AAB-696823ECDBA1}.Release|Any CPU.Build.0 = Release|Any CPU
	EndGlobalSection
	GlobalSection(SolutionProperties) = preSolution
		HideSolutionNode = FALSE
	EndGlobalSection
	GlobalSection(ExtensibilityGlobals) = postSolution
		SolutionGuid = {0005BE0A-24DA-463F-A94B-E8ED0D203CB0}
	EndGlobalSection
EndGlobal
