
Microsoft Visual Studio Solution File, Format Version 12.00
# Visual Studio Version 17
VisualStudioVersion = 17.3.32929.385
MinimumVisualStudioVersion = 10.0.40219.1
Project("{FAE04EC0-301F-11D3-BF4B-00C04F79EFBC}") = "ClassFraction", "ClassFraction.csproj", "{2F93858C-A093-48DE-9FB7-D480BD4674D5}"
EndProject
Project("{FAE04EC0-301F-11D3-BF4B-00C04F79EFBC}") = "ConsoleFraction", "..\ConsoleFraction\ConsoleFraction.csproj", "{90215697-44AD-4F79-A36C-A16E97EE7694}"
EndProject
Global
	GlobalSection(SolutionConfigurationPlatforms) = preSolution
		Debug|Any CPU = Debug|Any CPU
		Release|Any CPU = Release|Any CPU
	EndGlobalSection
	GlobalSection(ProjectConfigurationPlatforms) = postSolution
		{2F93858C-A093-48DE-9FB7-D480BD4674D5}.Debug|Any CPU.ActiveCfg = Debug|Any CPU
		{2F93858C-A093-48DE-9FB7-D480BD4674D5}.Debug|Any CPU.Build.0 = Debug|Any CPU
		{2F93858C-A093-48DE-9FB7-D480BD4674D5}.Release|Any CPU.ActiveCfg = Release|Any CPU
		{2F93858C-A093-48DE-9FB7-D480BD4674D5}.Release|Any CPU.Build.0 = Release|Any CPU
		{90215697-44AD-4F79-A36C-A16E97EE7694}.Debug|Any CPU.ActiveCfg = Debug|Any CPU
		{90215697-44AD-4F79-A36C-A16E97EE7694}.Debug|Any CPU.Build.0 = Debug|Any CPU
		{90215697-44AD-4F79-A36C-A16E97EE7694}.Release|Any CPU.ActiveCfg = Release|Any CPU
		{90215697-44AD-4F79-A36C-A16E97EE7694}.Release|Any CPU.Build.0 = Release|Any CPU
	EndGlobalSection
	GlobalSection(SolutionProperties) = preSolution
		HideSolutionNode = FALSE
	EndGlobalSection
	GlobalSection(ExtensibilityGlobals) = postSolution
		SolutionGuid = {98CCC44B-22B6-4E65-95E7-B98FFB20753D}
	EndGlobalSection
EndGlobal
