
Microsoft Visual Studio Solution File, Format Version 12.00
# Visual Studio Version 17
VisualStudioVersion = 17.3.32929.385
MinimumVisualStudioVersion = 10.0.40219.1
Project("{9A19103F-16F7-4668-BE54-9A1E7A4F7556}") = "ExercicesNombreCommun", "ExercicesNombreCommun\ExercicesNombreCommun.csproj", "{3A4C3742-D5B3-4802-9013-D85F3B6BC741}"
EndProject
Project("{FAE04EC0-301F-11D3-BF4B-00C04F79EFBC}") = "ExerciceNombrePremier", "ExercicesNombres\ExerciceNombrePremier.csproj", "{BA52C61A-C12B-4E45-9ECD-909DFBB714ED}"
EndProject
Project("{FAE04EC0-301F-11D3-BF4B-00C04F79EFBC}") = "NombreParfaitCommun", "NombreParfaitCommun\NombreParfaitCommun.csproj", "{690ABB43-7289-46C2-A86D-4C2A6373DD10}"
EndProject
Global
	GlobalSection(SolutionConfigurationPlatforms) = preSolution
		Debug|Any CPU = Debug|Any CPU
		Release|Any CPU = Release|Any CPU
	EndGlobalSection
	GlobalSection(ProjectConfigurationPlatforms) = postSolution
		{3A4C3742-D5B3-4802-9013-D85F3B6BC741}.Debug|Any CPU.ActiveCfg = Debug|Any CPU
		{3A4C3742-D5B3-4802-9013-D85F3B6BC741}.Debug|Any CPU.Build.0 = Debug|Any CPU
		{3A4C3742-D5B3-4802-9013-D85F3B6BC741}.Release|Any CPU.ActiveCfg = Release|Any CPU
		{3A4C3742-D5B3-4802-9013-D85F3B6BC741}.Release|Any CPU.Build.0 = Release|Any CPU
		{BA52C61A-C12B-4E45-9ECD-909DFBB714ED}.Debug|Any CPU.ActiveCfg = Debug|Any CPU
		{BA52C61A-C12B-4E45-9ECD-909DFBB714ED}.Debug|Any CPU.Build.0 = Debug|Any CPU
		{BA52C61A-C12B-4E45-9ECD-909DFBB714ED}.Release|Any CPU.ActiveCfg = Release|Any CPU
		{BA52C61A-C12B-4E45-9ECD-909DFBB714ED}.Release|Any CPU.Build.0 = Release|Any CPU
		{690ABB43-7289-46C2-A86D-4C2A6373DD10}.Debug|Any CPU.ActiveCfg = Debug|Any CPU
		{690ABB43-7289-46C2-A86D-4C2A6373DD10}.Debug|Any CPU.Build.0 = Debug|Any CPU
		{690ABB43-7289-46C2-A86D-4C2A6373DD10}.Release|Any CPU.ActiveCfg = Release|Any CPU
		{690ABB43-7289-46C2-A86D-4C2A6373DD10}.Release|Any CPU.Build.0 = Release|Any CPU
	EndGlobalSection
	GlobalSection(SolutionProperties) = preSolution
		HideSolutionNode = FALSE
	EndGlobalSection
	GlobalSection(ExtensibilityGlobals) = postSolution
		SolutionGuid = {372B37D7-EC0B-4237-83AE-80262CA475FB}
	EndGlobalSection
EndGlobal
