
Microsoft Visual Studio Solution File, Format Version 12.00
# Visual Studio Version 17
VisualStudioVersion = 17.3.32929.385
MinimumVisualStudioVersion = 10.0.40219.1
Project("{9A19103F-16F7-4668-BE54-9A1E7A4F7556}") = "WFBDDCarsOwner", "WFBDDCarsOwner.csproj", "{F09B10B5-4F35-47A1-B96D-2075F425A79A}"
EndProject
Project("{FAE04EC0-301F-11D3-BF4B-00C04F79EFBC}") = "WinFormsCarOwners2", "..\WinFormsCarOwners2\WinFormsCarOwners2.csproj", "{8B062BC0-045A-4AF2-97EB-DF61DEB9FB2F}"
EndProject
Global
	GlobalSection(SolutionConfigurationPlatforms) = preSolution
		Debug|Any CPU = Debug|Any CPU
		Release|Any CPU = Release|Any CPU
	EndGlobalSection
	GlobalSection(ProjectConfigurationPlatforms) = postSolution
		{F09B10B5-4F35-47A1-B96D-2075F425A79A}.Debug|Any CPU.ActiveCfg = Debug|Any CPU
		{F09B10B5-4F35-47A1-B96D-2075F425A79A}.Debug|Any CPU.Build.0 = Debug|Any CPU
		{F09B10B5-4F35-47A1-B96D-2075F425A79A}.Release|Any CPU.ActiveCfg = Release|Any CPU
		{F09B10B5-4F35-47A1-B96D-2075F425A79A}.Release|Any CPU.Build.0 = Release|Any CPU
		{8B062BC0-045A-4AF2-97EB-DF61DEB9FB2F}.Debug|Any CPU.ActiveCfg = Debug|Any CPU
		{8B062BC0-045A-4AF2-97EB-DF61DEB9FB2F}.Debug|Any CPU.Build.0 = Debug|Any CPU
		{8B062BC0-045A-4AF2-97EB-DF61DEB9FB2F}.Release|Any CPU.ActiveCfg = Release|Any CPU
		{8B062BC0-045A-4AF2-97EB-DF61DEB9FB2F}.Release|Any CPU.Build.0 = Release|Any CPU
	EndGlobalSection
	GlobalSection(SolutionProperties) = preSolution
		HideSolutionNode = FALSE
	EndGlobalSection
	GlobalSection(ExtensibilityGlobals) = postSolution
		SolutionGuid = {48CD45C0-D6BA-444C-8FEB-4DC920CF6990}
	EndGlobalSection
EndGlobal
