
Microsoft Visual Studio Solution File, Format Version 12.00
# Visual Studio Version 17
VisualStudioVersion = 17.3.32929.385
MinimumVisualStudioVersion = 10.0.40219.1
Project("{FAE04EC0-301F-11D3-BF4B-00C04F79EFBC}") = "5.4_CalculDuNombreDePersonnes", "5.4_CalculDuNombreDePersonnes\5.4_CalculDuNombreDePersonnes.csproj", "{8DEDF320-873C-43A9-B45B-131A82B1D71A}"
EndProject
Global
	GlobalSection(SolutionConfigurationPlatforms) = preSolution
		Debug|Any CPU = Debug|Any CPU
		Release|Any CPU = Release|Any CPU
	EndGlobalSection
	GlobalSection(ProjectConfigurationPlatforms) = postSolution
		{8DEDF320-873C-43A9-B45B-131A82B1D71A}.Debug|Any CPU.ActiveCfg = Debug|Any CPU
		{8DEDF320-873C-43A9-B45B-131A82B1D71A}.Debug|Any CPU.Build.0 = Debug|Any CPU
		{8DEDF320-873C-43A9-B45B-131A82B1D71A}.Release|Any CPU.ActiveCfg = Release|Any CPU
		{8DEDF320-873C-43A9-B45B-131A82B1D71A}.Release|Any CPU.Build.0 = Release|Any CPU
	EndGlobalSection
	GlobalSection(SolutionProperties) = preSolution
		HideSolutionNode = FALSE
	EndGlobalSection
	GlobalSection(ExtensibilityGlobals) = postSolution
		SolutionGuid = {A52C5606-C171-45E4-9666-1FB195CA9CB9}
	EndGlobalSection
EndGlobal
