
Microsoft Visual Studio Solution File, Format Version 12.00
# Visual Studio Version 17
VisualStudioVersion = 17.3.32929.385
MinimumVisualStudioVersion = 10.0.40219.1
Project("{FAE04EC0-301F-11D3-BF4B-00C04F79EFBC}") = "ClassPersonneDance", "ClassPersonneDance\ClassPersonneDance.csproj", "{EC52055F-18CB-43C9-9A38-7E527D6AF301}"
EndProject
Global
	GlobalSection(SolutionConfigurationPlatforms) = preSolution
		Debug|Any CPU = Debug|Any CPU
		Release|Any CPU = Release|Any CPU
	EndGlobalSection
	GlobalSection(ProjectConfigurationPlatforms) = postSolution
		{EC52055F-18CB-43C9-9A38-7E527D6AF301}.Debug|Any CPU.ActiveCfg = Debug|Any CPU
		{EC52055F-18CB-43C9-9A38-7E527D6AF301}.Debug|Any CPU.Build.0 = Debug|Any CPU
		{EC52055F-18CB-43C9-9A38-7E527D6AF301}.Release|Any CPU.ActiveCfg = Release|Any CPU
		{EC52055F-18CB-43C9-9A38-7E527D6AF301}.Release|Any CPU.Build.0 = Release|Any CPU
	EndGlobalSection
	GlobalSection(SolutionProperties) = preSolution
		HideSolutionNode = FALSE
	EndGlobalSection
	GlobalSection(ExtensibilityGlobals) = postSolution
		SolutionGuid = {14A51128-A6CD-41D0-8BA6-A16BCE0BC19C}
	EndGlobalSection
EndGlobal
