
Microsoft Visual Studio Solution File, Format Version 12.00
# Visual Studio Version 17
VisualStudioVersion = 17.3.32929.385
MinimumVisualStudioVersion = 10.0.40219.1
Project("{FAE04EC0-301F-11D3-BF4B-00C04F79EFBC}") = "TestBaseDeDonnees", "TestBaseDeDonnees.csproj", "{A2CBD5C0-BEE4-4A19-9842-2C1ED9C24BA7}"
EndProject
Global
	GlobalSection(SolutionConfigurationPlatforms) = preSolution
		Debug|Any CPU = Debug|Any CPU
		Release|Any CPU = Release|Any CPU
	EndGlobalSection
	GlobalSection(ProjectConfigurationPlatforms) = postSolution
		{A2CBD5C0-BEE4-4A19-9842-2C1ED9C24BA7}.Debug|Any CPU.ActiveCfg = Debug|Any CPU
		{A2CBD5C0-BEE4-4A19-9842-2C1ED9C24BA7}.Debug|Any CPU.Build.0 = Debug|Any CPU
		{A2CBD5C0-BEE4-4A19-9842-2C1ED9C24BA7}.Release|Any CPU.ActiveCfg = Release|Any CPU
		{A2CBD5C0-BEE4-4A19-9842-2C1ED9C24BA7}.Release|Any CPU.Build.0 = Release|Any CPU
	EndGlobalSection
	GlobalSection(SolutionProperties) = preSolution
		HideSolutionNode = FALSE
	EndGlobalSection
	GlobalSection(ExtensibilityGlobals) = postSolution
		SolutionGuid = {57ACF112-554C-4DFE-85E5-BF3DFEC948BC}
	EndGlobalSection
EndGlobal
