
Microsoft Visual Studio Solution File, Format Version 12.00
# Visual Studio Version 17
VisualStudioVersion = 17.3.32929.385
MinimumVisualStudioVersion = 10.0.40219.1
Project("{FAE04EC0-301F-11D3-BF4B-00C04F79EFBC}") = "3.2_BarnabeFaitSesCourses", "3.2_BarnabeFaitSesCourses\3.2_BarnabeFaitSesCourses.csproj", "{29A95D5E-92E1-4E5A-91DA-AFAE8A3357DF}"
EndProject
Global
	GlobalSection(SolutionConfigurationPlatforms) = preSolution
		Debug|Any CPU = Debug|Any CPU
		Release|Any CPU = Release|Any CPU
	EndGlobalSection
	GlobalSection(ProjectConfigurationPlatforms) = postSolution
		{29A95D5E-92E1-4E5A-91DA-AFAE8A3357DF}.Debug|Any CPU.ActiveCfg = Debug|Any CPU
		{29A95D5E-92E1-4E5A-91DA-AFAE8A3357DF}.Debug|Any CPU.Build.0 = Debug|Any CPU
		{29A95D5E-92E1-4E5A-91DA-AFAE8A3357DF}.Release|Any CPU.ActiveCfg = Release|Any CPU
		{29A95D5E-92E1-4E5A-91DA-AFAE8A3357DF}.Release|Any CPU.Build.0 = Release|Any CPU
	EndGlobalSection
	GlobalSection(SolutionProperties) = preSolution
		HideSolutionNode = FALSE
	EndGlobalSection
	GlobalSection(ExtensibilityGlobals) = postSolution
		SolutionGuid = {8F1BB046-8DA0-489B-AC2D-EF241199B954}
	EndGlobalSection
EndGlobal
