
Microsoft Visual Studio Solution File, Format Version 12.00
# Visual Studio Version 17
VisualStudioVersion = 17.3.32929.385
MinimumVisualStudioVersion = 10.0.40219.1
Project("{FAE04EC0-301F-11D3-BF4B-00C04F79EFBC}") = "2.3 Tri de nbrs a,b,c.", "..\2.3 Tri de nbrs a,b,c\2.3 Tri de nbrs a,b,c..csproj", "{CE5673C4-4257-4ADA-9EB9-E32DB131DECB}"
EndProject
Global
	GlobalSection(SolutionConfigurationPlatforms) = preSolution
		Debug|Any CPU = Debug|Any CPU
		Release|Any CPU = Release|Any CPU
	EndGlobalSection
	GlobalSection(ProjectConfigurationPlatforms) = postSolution
		{CE5673C4-4257-4ADA-9EB9-E32DB131DECB}.Debug|Any CPU.ActiveCfg = Debug|Any CPU
		{CE5673C4-4257-4ADA-9EB9-E32DB131DECB}.Debug|Any CPU.Build.0 = Debug|Any CPU
		{CE5673C4-4257-4ADA-9EB9-E32DB131DECB}.Release|Any CPU.ActiveCfg = Release|Any CPU
		{CE5673C4-4257-4ADA-9EB9-E32DB131DECB}.Release|Any CPU.Build.0 = Release|Any CPU
	EndGlobalSection
	GlobalSection(SolutionProperties) = preSolution
		HideSolutionNode = FALSE
	EndGlobalSection
	GlobalSection(ExtensibilityGlobals) = postSolution
		SolutionGuid = {A9713569-47ED-4D01-A124-DBA7803EC292}
	EndGlobalSection
EndGlobal
