
Microsoft Visual Studio Solution File, Format Version 12.00
# Visual Studio Version 17
VisualStudioVersion = 17.3.32929.385
MinimumVisualStudioVersion = 10.0.40219.1
Project("{9A19103F-16F7-4668-BE54-9A1E7A4F7556}") = "APITransactionBanking", "APITransactionBanking.csproj", "{FB7DE727-2306-4236-8544-96951A1E2F63}"
EndProject
Project("{FAE04EC0-301F-11D3-BF4B-00C04F79EFBC}") = "BankTrasaction.Models", "..\BankTrasaction.Models\BankTrasaction.Models.csproj", "{38599186-3FCE-46E3-9851-D1C4853751F1}"
EndProject
Project("{FAE04EC0-301F-11D3-BF4B-00C04F79EFBC}") = "BankDbContext", "..\BankDbContext\BankDbContext.csproj", "{F49E8F1F-4B59-44F2-99B5-71AE2B234A62}"
EndProject
Global
	GlobalSection(SolutionConfigurationPlatforms) = preSolution
		Debug|Any CPU = Debug|Any CPU
		Release|Any CPU = Release|Any CPU
	EndGlobalSection
	GlobalSection(ProjectConfigurationPlatforms) = postSolution
		{FB7DE727-2306-4236-8544-96951A1E2F63}.Debug|Any CPU.ActiveCfg = Debug|Any CPU
		{FB7DE727-2306-4236-8544-96951A1E2F63}.Debug|Any CPU.Build.0 = Debug|Any CPU
		{FB7DE727-2306-4236-8544-96951A1E2F63}.Release|Any CPU.ActiveCfg = Release|Any CPU
		{FB7DE727-2306-4236-8544-96951A1E2F63}.Release|Any CPU.Build.0 = Release|Any CPU
		{38599186-3FCE-46E3-9851-D1C4853751F1}.Debug|Any CPU.ActiveCfg = Debug|Any CPU
		{38599186-3FCE-46E3-9851-D1C4853751F1}.Debug|Any CPU.Build.0 = Debug|Any CPU
		{38599186-3FCE-46E3-9851-D1C4853751F1}.Release|Any CPU.ActiveCfg = Release|Any CPU
		{38599186-3FCE-46E3-9851-D1C4853751F1}.Release|Any CPU.Build.0 = Release|Any CPU
		{F49E8F1F-4B59-44F2-99B5-71AE2B234A62}.Debug|Any CPU.ActiveCfg = Debug|Any CPU
		{F49E8F1F-4B59-44F2-99B5-71AE2B234A62}.Debug|Any CPU.Build.0 = Debug|Any CPU
		{F49E8F1F-4B59-44F2-99B5-71AE2B234A62}.Release|Any CPU.ActiveCfg = Release|Any CPU
		{F49E8F1F-4B59-44F2-99B5-71AE2B234A62}.Release|Any CPU.Build.0 = Release|Any CPU
	EndGlobalSection
	GlobalSection(SolutionProperties) = preSolution
		HideSolutionNode = FALSE
	EndGlobalSection
	GlobalSection(ExtensibilityGlobals) = postSolution
		SolutionGuid = {D37C2217-CA98-482C-859D-838FA699F379}
	EndGlobalSection
EndGlobal
